
Microsoft Visual Studio Solution File, Format Version 12.00
# Visual Studio Version 16
VisualStudioVersion = 16.0.29215.179
MinimumVisualStudioVersion = 10.0.40219.1
Project("{FAE04EC0-301F-11D3-BF4B-00C04F79EFBC}") = "Vidly", "Vidly\Vidly.csproj", "{9868F378-F6A2-464D-8EBF-0C7EF1635E47}"
EndProject
Global
	GlobalSection(SolutionConfigurationPlatforms) = preSolution
		Debug|Any CPU = Debug|Any CPU
		Release|Any CPU = Release|Any CPU
		Testing|Any CPU = Testing|Any CPU
	EndGlobalSection
	GlobalSection(ProjectConfigurationPlatforms) = postSolution
		{9868F378-F6A2-464D-8EBF-0C7EF1635E47}.Debug|Any CPU.ActiveCfg = Debug|Any CPU
		{9868F378-F6A2-464D-8EBF-0C7EF1635E47}.Debug|Any CPU.Build.0 = Debug|Any CPU
		{9868F378-F6A2-464D-8EBF-0C7EF1635E47}.Release|Any CPU.ActiveCfg = Release|Any CPU
		{9868F378-F6A2-464D-8EBF-0C7EF1635E47}.Release|Any CPU.Build.0 = Release|Any CPU
		{9868F378-F6A2-464D-8EBF-0C7EF1635E47}.Testing|Any CPU.ActiveCfg = Testing|Any CPU
		{9868F378-F6A2-464D-8EBF-0C7EF1635E47}.Testing|Any CPU.Build.0 = Testing|Any CPU
	EndGlobalSection
	GlobalSection(SolutionProperties) = preSolution
		HideSolutionNode = FALSE
	EndGlobalSection
	GlobalSection(ExtensibilityGlobals) = postSolution
		SolutionGuid = {526B9124-412D-4E44-AF74-279985258696}
	EndGlobalSection
EndGlobal
